// !$*UTF8*$!
{
	archiveVersion = 1;
	classes = {
	};
	objectVersion = 56;
	objects = {

/* Begin PBXBuildFile section */
		A10000000000000000000001 /* CheckpointApp.swift in Sources */ = {isa = PBXBuildFile; fileRef = A20000000000000000000001 /* CheckpointApp.swift */; };
		A10000000000000000000002 /* CheckpointStore.swift in Sources */ = {isa = PBXBuildFile; fileRef = A20000000000000000000002 /* CheckpointStore.swift */; };
		A10000000000000000000004 /* QuestionEngine.swift in Sources */ = {isa = PBXBuildFile; fileRef = A20000000000000000000004 /* QuestionEngine.swift */; };
		A10000000000000000000005 /* ScreenTimeController.swift in Sources */ = {isa = PBXBuildFile; fileRef = A20000000000000000000005 /* ScreenTimeController.swift */; };
		A10000000000000000000006 /* RootView.swift in Sources */ = {isa = PBXBuildFile; fileRef = A20000000000000000000006 /* RootView.swift */; };
		A10000000000000000000007 /* HomeView.swift in Sources */ = {isa = PBXBuildFile; fileRef = A20000000000000000000007 /* HomeView.swift */; };
		A10000000000000000000008 /* OnboardingView.swift in Sources */ = {isa = PBXBuildFile; fileRef = A20000000000000000000008 /* OnboardingView.swift */; };
		A10000000000000000000009 /* CheckpointAttemptView.swift in Sources */ = {isa = PBXBuildFile; fileRef = A20000000000000000000009 /* CheckpointAttemptView.swift */; };
		A1000000000000000000000A /* HistoryView.swift in Sources */ = {isa = PBXBuildFile; fileRef = A2000000000000000000000A /* HistoryView.swift */; };
		A1000000000000000000000B /* SettingsView.swift in Sources */ = {isa = PBXBuildFile; fileRef = A2000000000000000000000B /* SettingsView.swift */; };
		A1000000000000000000000C /* CheckpointComponents.swift in Sources */ = {isa = PBXBuildFile; fileRef = A2000000000000000000000C /* CheckpointComponents.swift */; };
		A1000000000000000000000E /* RestrictedAppsView.swift in Sources */ = {isa = PBXBuildFile; fileRef = A2000000000000000000000E /* RestrictedAppsView.swift */; };
		A10000000000000000000010 /* CompetencyView.swift in Sources */ = {isa = PBXBuildFile; fileRef = A20000000000000000000010 /* CompetencyView.swift */; };
		A10000000000000000000011 /* BackendQuestionEngine.swift in Sources */ = {isa = PBXBuildFile; fileRef = A20000000000000000000011 /* BackendQuestionEngine.swift */; };
		A10000000000000000000012 /* AppleFoundationQuestionEngine.swift in Sources */ = {isa = PBXBuildFile; fileRef = A20000000000000000000012 /* AppleFoundationQuestionEngine.swift */; };
		A10000000000000000000013 /* QuestionReportsView.swift in Sources */ = {isa = PBXBuildFile; fileRef = A20000000000000000000013 /* QuestionReportsView.swift */; };
		A10000000000000000000014 /* SettingsSupportViews.swift in Sources */ = {isa = PBXBuildFile; fileRef = A20000000000000000000014 /* SettingsSupportViews.swift */; };
		A10000000000000000000015 /* PurchaseController.swift in Sources */ = {isa = PBXBuildFile; fileRef = A20000000000000000000015 /* PurchaseController.swift */; };
		A10000000000000000000016 /* MembershipView.swift in Sources */ = {isa = PBXBuildFile; fileRef = A20000000000000000000016 /* MembershipView.swift */; };
		A10000000000000000000017 /* AppSnapshotPersistence.swift in Sources */ = {isa = PBXBuildFile; fileRef = A2000000000000000000001B /* AppSnapshotPersistence.swift */; };
		A10000000000000000000018 /* LegalLinks.swift in Sources */ = {isa = PBXBuildFile; fileRef = A2000000000000000000001C /* LegalLinks.swift */; };
		A10000000000000000000019 /* GoalSourceDocumentImporter.swift in Sources */ = {isa = PBXBuildFile; fileRef = A2000000000000000000001D /* GoalSourceDocumentImporter.swift */; };
		A1000000000000000000001A /* CheckpointWorkflowCoordinator.swift in Sources */ = {isa = PBXBuildFile; fileRef = A2000000000000000000001E /* CheckpointWorkflowCoordinator.swift */; };
		A1000000000000000000001B /* FocusWinsView.swift in Sources */ = {isa = PBXBuildFile; fileRef = A2000000000000000000001F /* FocusWinsView.swift */; };
		AB0000000000000000000001 /* AnswerGrader.swift in Sources */ = {isa = PBXBuildFile; fileRef = AA0000000000000000000001 /* AnswerGrader.swift */; };
		AB0000000000000000000002 /* AppSnapshot.swift in Sources */ = {isa = PBXBuildFile; fileRef = AA0000000000000000000002 /* AppSnapshot.swift */; };
		AB0000000000000000000003 /* CheckpointSessionModels.swift in Sources */ = {isa = PBXBuildFile; fileRef = AA0000000000000000000003 /* CheckpointSessionModels.swift */; };
		AB0000000000000000000004 /* GoalModels.swift in Sources */ = {isa = PBXBuildFile; fileRef = AA0000000000000000000004 /* GoalModels.swift */; };
		AB0000000000000000000005 /* ProductAccessModels.swift in Sources */ = {isa = PBXBuildFile; fileRef = AA0000000000000000000005 /* ProductAccessModels.swift */; };
		AB0000000000000000000006 /* QuestionModels.swift in Sources */ = {isa = PBXBuildFile; fileRef = AA0000000000000000000006 /* QuestionModels.swift */; };
		AB0000000000000000000007 /* BackendClientSupport.swift in Sources */ = {isa = PBXBuildFile; fileRef = AA0000000000000000000007 /* BackendClientSupport.swift */; };
		AB0000000000000000000008 /* BackendPayloads.swift in Sources */ = {isa = PBXBuildFile; fileRef = AA0000000000000000000008 /* BackendPayloads.swift */; };
		AB0000000000000000000009 /* BackendQuestionBankClient.swift in Sources */ = {isa = PBXBuildFile; fileRef = AA0000000000000000000009 /* BackendQuestionBankClient.swift */; };
		AB000000000000000000000A /* QuestionBatchSanitizer.swift in Sources */ = {isa = PBXBuildFile; fileRef = AA000000000000000000000A /* QuestionBatchSanitizer.swift */; };
		AB000000000000000000000B /* QuestionContext.swift in Sources */ = {isa = PBXBuildFile; fileRef = AA000000000000000000000B /* QuestionContext.swift */; };
		AB000000000000000000000C /* CompetencyRow.swift in Sources */ = {isa = PBXBuildFile; fileRef = AA000000000000000000000C /* CompetencyRow.swift */; };
		AB000000000000000000000D /* HomeProtectionControls.swift in Sources */ = {isa = PBXBuildFile; fileRef = AA000000000000000000000D /* HomeProtectionControls.swift */; };
		AB000000000000000000000E /* HomeStudyBeaconViews.swift in Sources */ = {isa = PBXBuildFile; fileRef = AA000000000000000000000E /* HomeStudyBeaconViews.swift */; };
		AB000000000000000000000F /* PracticeSettingsControls.swift in Sources */ = {isa = PBXBuildFile; fileRef = AA000000000000000000000F /* PracticeSettingsControls.swift */; };
		AB0000000000000000000010 /* QuestionGenerationDiagnosticsView.swift in Sources */ = {isa = PBXBuildFile; fileRef = AA0000000000000000000010 /* QuestionGenerationDiagnosticsView.swift */; };
		AB0000000000000000000011 /* RequiredScreenTimeAccessView.swift in Sources */ = {isa = PBXBuildFile; fileRef = AA0000000000000000000011 /* RequiredScreenTimeAccessView.swift */; };
		AB0000000000000000000012 /* SkillMapEditorViews.swift in Sources */ = {isa = PBXBuildFile; fileRef = AA0000000000000000000012 /* SkillMapEditorViews.swift */; };
		AB0000000000000000000013 /* WeeklyReviewView.swift in Sources */ = {isa = PBXBuildFile; fileRef = AA0000000000000000000013 /* WeeklyReviewView.swift */; };
		AB0000000000000000000014 /* WeeklyMetricsCalculator.swift in Sources */ = {isa = PBXBuildFile; fileRef = AA0000000000000000000014 /* WeeklyMetricsCalculator.swift */; };
		AB0000000000000000000015 /* CheckpointQuestionSelector.swift in Sources */ = {isa = PBXBuildFile; fileRef = AA0000000000000000000015 /* CheckpointQuestionSelector.swift */; };
		AB0000000000000000000016 /* SkillMapReconciler.swift in Sources */ = {isa = PBXBuildFile; fileRef = AA0000000000000000000016 /* SkillMapReconciler.swift */; };
		B10000000000000000000001 /* SharedAppGroup.swift in Sources */ = {isa = PBXBuildFile; fileRef = B20000000000000000000001 /* SharedAppGroup.swift */; };
		B10000000000000000000002 /* ShieldConfigurationExtension.swift in Sources */ = {isa = PBXBuildFile; fileRef = B20000000000000000000002 /* ShieldConfigurationExtension.swift */; };
		B10000000000000000000003 /* SharedAppGroup.swift in Sources */ = {isa = PBXBuildFile; fileRef = B20000000000000000000001 /* SharedAppGroup.swift */; };
		B10000000000000000000004 /* ShieldActionExtension.swift in Sources */ = {isa = PBXBuildFile; fileRef = B20000000000000000000005 /* ShieldActionExtension.swift */; };
		B10000000000000000000005 /* SharedAppGroup.swift in Sources */ = {isa = PBXBuildFile; fileRef = B20000000000000000000001 /* SharedAppGroup.swift */; };
		B10000000000000000000006 /* ShieldConfigurationExtension.appex in Embed Foundation Extensions */ = {isa = PBXBuildFile; fileRef = B20000000000000000000008 /* ShieldConfigurationExtension.appex */; settings = {ATTRIBUTES = (RemoveHeadersOnCopy, ); }; };
		B10000000000000000000007 /* ShieldActionExtension.appex in Embed Foundation Extensions */ = {isa = PBXBuildFile; fileRef = B20000000000000000000009 /* ShieldActionExtension.appex */; settings = {ATTRIBUTES = (RemoveHeadersOnCopy, ); }; };
		C10000000000000000000002 /* CheckpointProducts.storekit in Resources */ = {isa = PBXBuildFile; fileRef = A2000000000000000000001A /* CheckpointProducts.storekit */; };
		C10000000000000000000003 /* StoreKitPaymentTests.swift in Sources */ = {isa = PBXBuildFile; fileRef = C20000000000000000000003 /* StoreKitPaymentTests.swift */; };
		C10000000000000000000004 /* CheckpointWorkflowCoordinatorTests.swift in Sources */ = {isa = PBXBuildFile; fileRef = C20000000000000000000004 /* CheckpointWorkflowCoordinatorTests.swift */; };
		C10000000000000000000005 /* BackendQuestionEngineContractTests.swift in Sources */ = {isa = PBXBuildFile; fileRef = C20000000000000000000005 /* BackendQuestionEngineContractTests.swift */; };
		CB0000000000000000000001 /* AIProviderPolicyTests.swift in Sources */ = {isa = PBXBuildFile; fileRef = CA0000000000000000000001 /* AIProviderPolicyTests.swift */; };
		CB0000000000000000000002 /* AdaptiveSchedulingTests.swift in Sources */ = {isa = PBXBuildFile; fileRef = CA0000000000000000000002 /* AdaptiveSchedulingTests.swift */; };
		CB0000000000000000000003 /* AppSnapshotPersistenceTests.swift in Sources */ = {isa = PBXBuildFile; fileRef = CA0000000000000000000003 /* AppSnapshotPersistenceTests.swift */; };
		CB0000000000000000000004 /* CheckpointSessionTests.swift in Sources */ = {isa = PBXBuildFile; fileRef = CA0000000000000000000004 /* CheckpointSessionTests.swift */; };
		CB0000000000000000000005 /* GoalCreationTests.swift in Sources */ = {isa = PBXBuildFile; fileRef = CA0000000000000000000005 /* GoalCreationTests.swift */; };
		CB0000000000000000000006 /* GoalProfileTests.swift in Sources */ = {isa = PBXBuildFile; fileRef = CA0000000000000000000006 /* GoalProfileTests.swift */; };
		CB0000000000000000000007 /* ProgressMetricsTests.swift in Sources */ = {isa = PBXBuildFile; fileRef = CA0000000000000000000007 /* ProgressMetricsTests.swift */; };
		CB0000000000000000000008 /* QuestionBankAsyncFlowTests.swift in Sources */ = {isa = PBXBuildFile; fileRef = CA0000000000000000000008 /* QuestionBankAsyncFlowTests.swift */; };
		CB0000000000000000000009 /* QuestionGenerationTests.swift in Sources */ = {isa = PBXBuildFile; fileRef = CA0000000000000000000009 /* QuestionGenerationTests.swift */; };
		CB000000000000000000000A /* QuestionRefillTests.swift in Sources */ = {isa = PBXBuildFile; fileRef = CA000000000000000000000A /* QuestionRefillTests.swift */; };
		CB000000000000000000000B /* QuestionValidationTests.swift in Sources */ = {isa = PBXBuildFile; fileRef = CA000000000000000000000B /* QuestionValidationTests.swift */; };
		CB000000000000000000000C /* ScreenTimeCoordinationTests.swift in Sources */ = {isa = PBXBuildFile; fileRef = CA000000000000000000000C /* ScreenTimeCoordinationTests.swift */; };
		CB000000000000000000000D /* SkillMapMigrationTests.swift in Sources */ = {isa = PBXBuildFile; fileRef = CA000000000000000000000D /* SkillMapMigrationTests.swift */; };
		CB000000000000000000000E /* SkillMapTests.swift in Sources */ = {isa = PBXBuildFile; fileRef = CA000000000000000000000E /* SkillMapTests.swift */; };
		CB000000000000000000000F /* UnlockPolicyTests.swift in Sources */ = {isa = PBXBuildFile; fileRef = CA000000000000000000000F /* UnlockPolicyTests.swift */; };
		CB0000000000000000000010 /* CheckpointTestFixtures.swift in Sources */ = {isa = PBXBuildFile; fileRef = CA0000000000000000000010 /* CheckpointTestFixtures.swift */; };
		CB0000000000000000000011 /* CheckpointWorkflowTestCase.swift in Sources */ = {isa = PBXBuildFile; fileRef = CA0000000000000000000011 /* CheckpointWorkflowTestCase.swift */; };
		CB0000000000000000000012 /* QuestionEngineTestDoubles.swift in Sources */ = {isa = PBXBuildFile; fileRef = CA0000000000000000000012 /* QuestionEngineTestDoubles.swift */; };
		CB0000000000000000000013 /* QuestionBankTestDoubles.swift in Sources */ = {isa = PBXBuildFile; fileRef = CA0000000000000000000013 /* QuestionBankTestDoubles.swift */; };
		CB0000000000000000000014 /* PracticeHistoryReviewPresentationTests.swift in Sources */ = {isa = PBXBuildFile; fileRef = CA0000000000000000000014 /* PracticeHistoryReviewPresentationTests.swift */; };
		CB0000000000000000000015 /* HomeProtectionControlsTests.swift in Sources */ = {isa = PBXBuildFile; fileRef = CA0000000000000000000015 /* HomeProtectionControlsTests.swift */; };
		CB0000000000000000000016 /* CheckpointThemeTests.swift in Sources */ = {isa = PBXBuildFile; fileRef = CA0000000000000000000016 /* CheckpointThemeTests.swift */; };
		CB0000000000000000000017 /* FocusWinsViewRenderingTests.swift in Sources */ = {isa = PBXBuildFile; fileRef = CA0000000000000000000017 /* FocusWinsViewRenderingTests.swift */; };
		D10000000000000000000001 /* PrivacyInfo.xcprivacy in Resources */ = {isa = PBXBuildFile; fileRef = D20000000000000000000001 /* PrivacyInfo.xcprivacy */; };
		D10000000000000000000002 /* PrivacyInfo.xcprivacy in Resources */ = {isa = PBXBuildFile; fileRef = D20000000000000000000002 /* PrivacyInfo.xcprivacy */; };
		D10000000000000000000003 /* PrivacyInfo.xcprivacy in Resources */ = {isa = PBXBuildFile; fileRef = D20000000000000000000003 /* PrivacyInfo.xcprivacy */; };
		E10000000000000000000001 /* DeviceActivityMonitorExtension.swift in Sources */ = {isa = PBXBuildFile; fileRef = E20000000000000000000001 /* DeviceActivityMonitorExtension.swift */; };
		E10000000000000000000002 /* SharedAppGroup.swift in Sources */ = {isa = PBXBuildFile; fileRef = B20000000000000000000001 /* SharedAppGroup.swift */; };
		E10000000000000000000003 /* PrivacyInfo.xcprivacy in Resources */ = {isa = PBXBuildFile; fileRef = E20000000000000000000005 /* PrivacyInfo.xcprivacy */; };
		E10000000000000000000004 /* DeviceActivityMonitorExtension.appex in Embed Foundation Extensions */ = {isa = PBXBuildFile; fileRef = E20000000000000000000004 /* DeviceActivityMonitorExtension.appex */; settings = {ATTRIBUTES = (RemoveHeadersOnCopy, ); }; };
		F10000000000000000000001 /* Assets.xcassets in Resources */ = {isa = PBXBuildFile; fileRef = F20000000000000000000001 /* Assets.xcassets */; };
/* End PBXBuildFile section */

/* Begin PBXContainerItemProxy section */
		B30000000000000000000001 /* PBXContainerItemProxy */ = {
			isa = PBXContainerItemProxy;
			containerPortal = A60000000000000000000001 /* Project object */;
			proxyType = 1;
			remoteGlobalIDString = B50000000000000000000001;
			remoteInfo = ShieldConfigurationExtension;
		};
		B30000000000000000000002 /* PBXContainerItemProxy */ = {
			isa = PBXContainerItemProxy;
			containerPortal = A60000000000000000000001 /* Project object */;
			proxyType = 1;
			remoteGlobalIDString = B50000000000000000000002;
			remoteInfo = ShieldActionExtension;
		};
		C30000000000000000000001 /* PBXContainerItemProxy */ = {
			isa = PBXContainerItemProxy;
			containerPortal = A60000000000000000000001 /* Project object */;
			proxyType = 1;
			remoteGlobalIDString = A50000000000000000000001;
			remoteInfo = Checkpoint;
		};
		E30000000000000000000001 /* PBXContainerItemProxy */ = {
			isa = PBXContainerItemProxy;
			containerPortal = A60000000000000000000001 /* Project object */;
			proxyType = 1;
			remoteGlobalIDString = E50000000000000000000001;
			remoteInfo = DeviceActivityMonitorExtension;
		};
/* End PBXContainerItemProxy section */

/* Begin PBXCopyFilesBuildPhase section */
		B70000000000000000000005 /* Embed Foundation Extensions */ = {
			isa = PBXCopyFilesBuildPhase;
			buildActionMask = 2147483647;
			dstPath = "";
			dstSubfolderSpec = 13;
			files = (
				B10000000000000000000006 /* ShieldConfigurationExtension.appex in Embed Foundation Extensions */,
				B10000000000000000000007 /* ShieldActionExtension.appex in Embed Foundation Extensions */,
				E10000000000000000000004 /* DeviceActivityMonitorExtension.appex in Embed Foundation Extensions */,
			);
			name = "Embed Foundation Extensions";
			runOnlyForDeploymentPostprocessing = 0;
		};
/* End PBXCopyFilesBuildPhase section */

/* Begin PBXFileReference section */
		A20000000000000000000001 /* CheckpointApp.swift */ = {isa = PBXFileReference; lastKnownFileType = sourcecode.swift; path = CheckpointApp.swift; sourceTree = "<group>"; };
		A20000000000000000000002 /* CheckpointStore.swift */ = {isa = PBXFileReference; lastKnownFileType = sourcecode.swift; path = CheckpointStore.swift; sourceTree = "<group>"; };
		A20000000000000000000004 /* QuestionEngine.swift */ = {isa = PBXFileReference; lastKnownFileType = sourcecode.swift; path = QuestionEngine.swift; sourceTree = "<group>"; };
		A20000000000000000000005 /* ScreenTimeController.swift */ = {isa = PBXFileReference; lastKnownFileType = sourcecode.swift; path = ScreenTimeController.swift; sourceTree = "<group>"; };
		A20000000000000000000006 /* RootView.swift */ = {isa = PBXFileReference; lastKnownFileType = sourcecode.swift; path = RootView.swift; sourceTree = "<group>"; };
		A20000000000000000000007 /* HomeView.swift */ = {isa = PBXFileReference; lastKnownFileType = sourcecode.swift; path = HomeView.swift; sourceTree = "<group>"; };
		A20000000000000000000008 /* OnboardingView.swift */ = {isa = PBXFileReference; lastKnownFileType = sourcecode.swift; path = OnboardingView.swift; sourceTree = "<group>"; };
		A20000000000000000000009 /* CheckpointAttemptView.swift */ = {isa = PBXFileReference; lastKnownFileType = sourcecode.swift; path = CheckpointAttemptView.swift; sourceTree = "<group>"; };
		A2000000000000000000000A /* HistoryView.swift */ = {isa = PBXFileReference; lastKnownFileType = sourcecode.swift; path = HistoryView.swift; sourceTree = "<group>"; };
		A2000000000000000000000B /* SettingsView.swift */ = {isa = PBXFileReference; lastKnownFileType = sourcecode.swift; path = SettingsView.swift; sourceTree = "<group>"; };
		A2000000000000000000000C /* CheckpointComponents.swift */ = {isa = PBXFileReference; lastKnownFileType = sourcecode.swift; path = CheckpointComponents.swift; sourceTree = "<group>"; };
		A2000000000000000000000D /* Checkpoint.app */ = {isa = PBXFileReference; explicitFileType = wrapper.application; includeInIndex = 0; path = Checkpoint.app; sourceTree = BUILT_PRODUCTS_DIR; };
		A2000000000000000000000E /* RestrictedAppsView.swift */ = {isa = PBXFileReference; lastKnownFileType = sourcecode.swift; path = RestrictedAppsView.swift; sourceTree = "<group>"; };
		A2000000000000000000000F /* Checkpoint.entitlements */ = {isa = PBXFileReference; lastKnownFileType = text.plist.entitlements; path = Checkpoint.entitlements; sourceTree = "<group>"; };
		A20000000000000000000010 /* CompetencyView.swift */ = {isa = PBXFileReference; lastKnownFileType = sourcecode.swift; path = CompetencyView.swift; sourceTree = "<group>"; };
		A20000000000000000000011 /* BackendQuestionEngine.swift */ = {isa = PBXFileReference; lastKnownFileType = sourcecode.swift; path = BackendQuestionEngine.swift; sourceTree = "<group>"; };
		A20000000000000000000012 /* AppleFoundationQuestionEngine.swift */ = {isa = PBXFileReference; lastKnownFileType = sourcecode.swift; path = AppleFoundationQuestionEngine.swift; sourceTree = "<group>"; };
		A20000000000000000000013 /* QuestionReportsView.swift */ = {isa = PBXFileReference; lastKnownFileType = sourcecode.swift; path = QuestionReportsView.swift; sourceTree = "<group>"; };
		A20000000000000000000014 /* SettingsSupportViews.swift */ = {isa = PBXFileReference; lastKnownFileType = sourcecode.swift; path = SettingsSupportViews.swift; sourceTree = "<group>"; };
		A20000000000000000000015 /* PurchaseController.swift */ = {isa = PBXFileReference; lastKnownFileType = sourcecode.swift; path = PurchaseController.swift; sourceTree = "<group>"; };
		A20000000000000000000016 /* MembershipView.swift */ = {isa = PBXFileReference; lastKnownFileType = sourcecode.swift; path = MembershipView.swift; sourceTree = "<group>"; };
		A20000000000000000000017 /* Backend.xcconfig */ = {isa = PBXFileReference; lastKnownFileType = text.xcconfig; path = Backend.xcconfig; sourceTree = "<group>"; };
		A20000000000000000000018 /* Secrets.example.xcconfig */ = {isa = PBXFileReference; lastKnownFileType = text.xcconfig; path = Secrets.example.xcconfig; sourceTree = "<group>"; };
		A20000000000000000000019 /* Info.plist */ = {isa = PBXFileReference; lastKnownFileType = text.plist.xml; path = Info.plist; sourceTree = "<group>"; };
		A2000000000000000000001A /* CheckpointProducts.storekit */ = {isa = PBXFileReference; lastKnownFileType = text; path = CheckpointProducts.storekit; sourceTree = "<group>"; };
		A2000000000000000000001B /* AppSnapshotPersistence.swift */ = {isa = PBXFileReference; lastKnownFileType = sourcecode.swift; path = AppSnapshotPersistence.swift; sourceTree = "<group>"; };
		A2000000000000000000001C /* LegalLinks.swift */ = {isa = PBXFileReference; lastKnownFileType = sourcecode.swift; path = LegalLinks.swift; sourceTree = "<group>"; };
		A2000000000000000000001D /* GoalSourceDocumentImporter.swift */ = {isa = PBXFileReference; lastKnownFileType = sourcecode.swift; path = GoalSourceDocumentImporter.swift; sourceTree = "<group>"; };
		A2000000000000000000001E /* CheckpointWorkflowCoordinator.swift */ = {isa = PBXFileReference; lastKnownFileType = sourcecode.swift; path = CheckpointWorkflowCoordinator.swift; sourceTree = "<group>"; };
		A2000000000000000000001F /* FocusWinsView.swift */ = {isa = PBXFileReference; lastKnownFileType = sourcecode.swift; path = FocusWinsView.swift; sourceTree = "<group>"; };
		AA0000000000000000000001 /* AnswerGrader.swift */ = {isa = PBXFileReference; lastKnownFileType = sourcecode.swift; path = AnswerGrader.swift; sourceTree = "<group>"; };
		AA0000000000000000000002 /* AppSnapshot.swift */ = {isa = PBXFileReference; lastKnownFileType = sourcecode.swift; path = AppSnapshot.swift; sourceTree = "<group>"; };
		AA0000000000000000000003 /* CheckpointSessionModels.swift */ = {isa = PBXFileReference; lastKnownFileType = sourcecode.swift; path = CheckpointSessionModels.swift; sourceTree = "<group>"; };
		AA0000000000000000000004 /* GoalModels.swift */ = {isa = PBXFileReference; lastKnownFileType = sourcecode.swift; path = GoalModels.swift; sourceTree = "<group>"; };
		AA0000000000000000000005 /* ProductAccessModels.swift */ = {isa = PBXFileReference; lastKnownFileType = sourcecode.swift; path = ProductAccessModels.swift; sourceTree = "<group>"; };
		AA0000000000000000000006 /* QuestionModels.swift */ = {isa = PBXFileReference; lastKnownFileType = sourcecode.swift; path = QuestionModels.swift; sourceTree = "<group>"; };
		AA0000000000000000000007 /* BackendClientSupport.swift */ = {isa = PBXFileReference; lastKnownFileType = sourcecode.swift; path = BackendClientSupport.swift; sourceTree = "<group>"; };
		AA0000000000000000000008 /* BackendPayloads.swift */ = {isa = PBXFileReference; lastKnownFileType = sourcecode.swift; path = BackendPayloads.swift; sourceTree = "<group>"; };
		AA0000000000000000000009 /* BackendQuestionBankClient.swift */ = {isa = PBXFileReference; lastKnownFileType = sourcecode.swift; path = BackendQuestionBankClient.swift; sourceTree = "<group>"; };
		AA000000000000000000000A /* QuestionBatchSanitizer.swift */ = {isa = PBXFileReference; lastKnownFileType = sourcecode.swift; path = QuestionBatchSanitizer.swift; sourceTree = "<group>"; };
		AA000000000000000000000B /* QuestionContext.swift */ = {isa = PBXFileReference; lastKnownFileType = sourcecode.swift; path = QuestionContext.swift; sourceTree = "<group>"; };
		AA000000000000000000000C /* CompetencyRow.swift */ = {isa = PBXFileReference; lastKnownFileType = sourcecode.swift; path = CompetencyRow.swift; sourceTree = "<group>"; };
		AA000000000000000000000D /* HomeProtectionControls.swift */ = {isa = PBXFileReference; lastKnownFileType = sourcecode.swift; path = HomeProtectionControls.swift; sourceTree = "<group>"; };
		AA000000000000000000000E /* HomeStudyBeaconViews.swift */ = {isa = PBXFileReference; lastKnownFileType = sourcecode.swift; path = HomeStudyBeaconViews.swift; sourceTree = "<group>"; };
		AA000000000000000000000F /* PracticeSettingsControls.swift */ = {isa = PBXFileReference; lastKnownFileType = sourcecode.swift; path = PracticeSettingsControls.swift; sourceTree = "<group>"; };
		AA0000000000000000000010 /* QuestionGenerationDiagnosticsView.swift */ = {isa = PBXFileReference; lastKnownFileType = sourcecode.swift; path = QuestionGenerationDiagnosticsView.swift; sourceTree = "<group>"; };
		AA0000000000000000000011 /* RequiredScreenTimeAccessView.swift */ = {isa = PBXFileReference; lastKnownFileType = sourcecode.swift; path = RequiredScreenTimeAccessView.swift; sourceTree = "<group>"; };
		AA0000000000000000000012 /* SkillMapEditorViews.swift */ = {isa = PBXFileReference; lastKnownFileType = sourcecode.swift; path = SkillMapEditorViews.swift; sourceTree = "<group>"; };
		AA0000000000000000000013 /* WeeklyReviewView.swift */ = {isa = PBXFileReference; lastKnownFileType = sourcecode.swift; path = WeeklyReviewView.swift; sourceTree = "<group>"; };
		AA0000000000000000000014 /* WeeklyMetricsCalculator.swift */ = {isa = PBXFileReference; lastKnownFileType = sourcecode.swift; path = WeeklyMetricsCalculator.swift; sourceTree = "<group>"; };
		AA0000000000000000000015 /* CheckpointQuestionSelector.swift */ = {isa = PBXFileReference; lastKnownFileType = sourcecode.swift; path = CheckpointQuestionSelector.swift; sourceTree = "<group>"; };
		AA0000000000000000000016 /* SkillMapReconciler.swift */ = {isa = PBXFileReference; lastKnownFileType = sourcecode.swift; path = SkillMapReconciler.swift; sourceTree = "<group>"; };
		B20000000000000000000001 /* SharedAppGroup.swift */ = {isa = PBXFileReference; lastKnownFileType = sourcecode.swift; path = SharedAppGroup.swift; sourceTree = "<group>"; };
		B20000000000000000000002 /* ShieldConfigurationExtension.swift */ = {isa = PBXFileReference; lastKnownFileType = sourcecode.swift; path = ShieldConfigurationExtension.swift; sourceTree = "<group>"; };
		B20000000000000000000003 /* Info.plist */ = {isa = PBXFileReference; lastKnownFileType = text.plist.xml; path = Info.plist; sourceTree = "<group>"; };
		B20000000000000000000004 /* ShieldConfigurationExtension.entitlements */ = {isa = PBXFileReference; lastKnownFileType = text.plist.entitlements; path = ShieldConfigurationExtension.entitlements; sourceTree = "<group>"; };
		B20000000000000000000005 /* ShieldActionExtension.swift */ = {isa = PBXFileReference; lastKnownFileType = sourcecode.swift; path = ShieldActionExtension.swift; sourceTree = "<group>"; };
		B20000000000000000000006 /* Info.plist */ = {isa = PBXFileReference; lastKnownFileType = text.plist.xml; path = Info.plist; sourceTree = "<group>"; };
		B20000000000000000000007 /* ShieldActionExtension.entitlements */ = {isa = PBXFileReference; lastKnownFileType = text.plist.entitlements; path = ShieldActionExtension.entitlements; sourceTree = "<group>"; };
		B20000000000000000000008 /* ShieldConfigurationExtension.appex */ = {isa = PBXFileReference; explicitFileType = "wrapper.app-extension"; includeInIndex = 0; path = ShieldConfigurationExtension.appex; sourceTree = BUILT_PRODUCTS_DIR; };
		B20000000000000000000009 /* ShieldActionExtension.appex */ = {isa = PBXFileReference; explicitFileType = "wrapper.app-extension"; includeInIndex = 0; path = ShieldActionExtension.appex; sourceTree = BUILT_PRODUCTS_DIR; };
		C20000000000000000000002 /* CheckpointTests.xctest */ = {isa = PBXFileReference; explicitFileType = wrapper.cfbundle; includeInIndex = 0; path = CheckpointTests.xctest; sourceTree = BUILT_PRODUCTS_DIR; };
		C20000000000000000000003 /* StoreKitPaymentTests.swift */ = {isa = PBXFileReference; lastKnownFileType = sourcecode.swift; path = StoreKitPaymentTests.swift; sourceTree = "<group>"; };
		C20000000000000000000004 /* CheckpointWorkflowCoordinatorTests.swift */ = {isa = PBXFileReference; lastKnownFileType = sourcecode.swift; path = CheckpointWorkflowCoordinatorTests.swift; sourceTree = "<group>"; };
		C20000000000000000000005 /* BackendQuestionEngineContractTests.swift */ = {isa = PBXFileReference; lastKnownFileType = sourcecode.swift; path = BackendQuestionEngineContractTests.swift; sourceTree = "<group>"; };
		CA0000000000000000000001 /* AIProviderPolicyTests.swift */ = {isa = PBXFileReference; lastKnownFileType = sourcecode.swift; path = AIProviderPolicyTests.swift; sourceTree = "<group>"; };
		CA0000000000000000000002 /* AdaptiveSchedulingTests.swift */ = {isa = PBXFileReference; lastKnownFileType = sourcecode.swift; path = AdaptiveSchedulingTests.swift; sourceTree = "<group>"; };
		CA0000000000000000000003 /* AppSnapshotPersistenceTests.swift */ = {isa = PBXFileReference; lastKnownFileType = sourcecode.swift; path = AppSnapshotPersistenceTests.swift; sourceTree = "<group>"; };
		CA0000000000000000000004 /* CheckpointSessionTests.swift */ = {isa = PBXFileReference; lastKnownFileType = sourcecode.swift; path = CheckpointSessionTests.swift; sourceTree = "<group>"; };
		CA0000000000000000000005 /* GoalCreationTests.swift */ = {isa = PBXFileReference; lastKnownFileType = sourcecode.swift; path = GoalCreationTests.swift; sourceTree = "<group>"; };
		CA0000000000000000000006 /* GoalProfileTests.swift */ = {isa = PBXFileReference; lastKnownFileType = sourcecode.swift; path = GoalProfileTests.swift; sourceTree = "<group>"; };
		CA0000000000000000000007 /* ProgressMetricsTests.swift */ = {isa = PBXFileReference; lastKnownFileType = sourcecode.swift; path = ProgressMetricsTests.swift; sourceTree = "<group>"; };
		CA0000000000000000000008 /* QuestionBankAsyncFlowTests.swift */ = {isa = PBXFileReference; lastKnownFileType = sourcecode.swift; path = QuestionBankAsyncFlowTests.swift; sourceTree = "<group>"; };
		CA0000000000000000000009 /* QuestionGenerationTests.swift */ = {isa = PBXFileReference; lastKnownFileType = sourcecode.swift; path = QuestionGenerationTests.swift; sourceTree = "<group>"; };
		CA000000000000000000000A /* QuestionRefillTests.swift */ = {isa = PBXFileReference; lastKnownFileType = sourcecode.swift; path = QuestionRefillTests.swift; sourceTree = "<group>"; };
		CA000000000000000000000B /* QuestionValidationTests.swift */ = {isa = PBXFileReference; lastKnownFileType = sourcecode.swift; path = QuestionValidationTests.swift; sourceTree = "<group>"; };
		CA000000000000000000000C /* ScreenTimeCoordinationTests.swift */ = {isa = PBXFileReference; lastKnownFileType = sourcecode.swift; path = ScreenTimeCoordinationTests.swift; sourceTree = "<group>"; };
		CA000000000000000000000D /* SkillMapMigrationTests.swift */ = {isa = PBXFileReference; lastKnownFileType = sourcecode.swift; path = SkillMapMigrationTests.swift; sourceTree = "<group>"; };
		CA000000000000000000000E /* SkillMapTests.swift */ = {isa = PBXFileReference; lastKnownFileType = sourcecode.swift; path = SkillMapTests.swift; sourceTree = "<group>"; };
		CA000000000000000000000F /* UnlockPolicyTests.swift */ = {isa = PBXFileReference; lastKnownFileType = sourcecode.swift; path = UnlockPolicyTests.swift; sourceTree = "<group>"; };
		CA0000000000000000000010 /* CheckpointTestFixtures.swift */ = {isa = PBXFileReference; lastKnownFileType = sourcecode.swift; path = CheckpointTestFixtures.swift; sourceTree = "<group>"; };
		CA0000000000000000000011 /* CheckpointWorkflowTestCase.swift */ = {isa = PBXFileReference; lastKnownFileType = sourcecode.swift; path = CheckpointWorkflowTestCase.swift; sourceTree = "<group>"; };
		CA0000000000000000000012 /* QuestionEngineTestDoubles.swift */ = {isa = PBXFileReference; lastKnownFileType = sourcecode.swift; path = QuestionEngineTestDoubles.swift; sourceTree = "<group>"; };
		CA0000000000000000000013 /* QuestionBankTestDoubles.swift */ = {isa = PBXFileReference; lastKnownFileType = sourcecode.swift; path = QuestionBankTestDoubles.swift; sourceTree = "<group>"; };
		CA0000000000000000000014 /* PracticeHistoryReviewPresentationTests.swift */ = {isa = PBXFileReference; lastKnownFileType = sourcecode.swift; path = PracticeHistoryReviewPresentationTests.swift; sourceTree = "<group>"; };
		CA0000000000000000000015 /* HomeProtectionControlsTests.swift */ = {isa = PBXFileReference; lastKnownFileType = sourcecode.swift; path = HomeProtectionControlsTests.swift; sourceTree = "<group>"; };
		CA0000000000000000000016 /* CheckpointThemeTests.swift */ = {isa = PBXFileReference; lastKnownFileType = sourcecode.swift; path = CheckpointThemeTests.swift; sourceTree = "<group>"; };
		CA0000000000000000000017 /* FocusWinsViewRenderingTests.swift */ = {isa = PBXFileReference; lastKnownFileType = sourcecode.swift; path = FocusWinsViewRenderingTests.swift; sourceTree = "<group>"; };
		D20000000000000000000001 /* PrivacyInfo.xcprivacy */ = {isa = PBXFileReference; lastKnownFileType = text.plist.xml; path = PrivacyInfo.xcprivacy; sourceTree = "<group>"; };
		D20000000000000000000002 /* PrivacyInfo.xcprivacy */ = {isa = PBXFileReference; lastKnownFileType = text.plist.xml; path = PrivacyInfo.xcprivacy; sourceTree = "<group>"; };
		D20000000000000000000003 /* PrivacyInfo.xcprivacy */ = {isa = PBXFileReference; lastKnownFileType = text.plist.xml; path = PrivacyInfo.xcprivacy; sourceTree = "<group>"; };
		E20000000000000000000001 /* DeviceActivityMonitorExtension.swift */ = {isa = PBXFileReference; lastKnownFileType = sourcecode.swift; path = DeviceActivityMonitorExtension.swift; sourceTree = "<group>"; };
		E20000000000000000000002 /* Info.plist */ = {isa = PBXFileReference; lastKnownFileType = text.plist.xml; path = Info.plist; sourceTree = "<group>"; };
		E20000000000000000000003 /* DeviceActivityMonitorExtension.entitlements */ = {isa = PBXFileReference; lastKnownFileType = text.plist.entitlements; path = DeviceActivityMonitorExtension.entitlements; sourceTree = "<group>"; };
		E20000000000000000000004 /* DeviceActivityMonitorExtension.appex */ = {isa = PBXFileReference; explicitFileType = "wrapper.app-extension"; includeInIndex = 0; path = DeviceActivityMonitorExtension.appex; sourceTree = BUILT_PRODUCTS_DIR; };
		E20000000000000000000005 /* PrivacyInfo.xcprivacy */ = {isa = PBXFileReference; lastKnownFileType = text.plist.xml; path = PrivacyInfo.xcprivacy; sourceTree = "<group>"; };
		F20000000000000000000001 /* Assets.xcassets */ = {isa = PBXFileReference; lastKnownFileType = folder.assetcatalog; path = Assets.xcassets; sourceTree = "<group>"; };
/* End PBXFileReference section */

/* Begin PBXFrameworksBuildPhase section */
		A30000000000000000000001 /* Frameworks */ = {
			isa = PBXFrameworksBuildPhase;
			buildActionMask = 2147483647;
			files = (
			);
			runOnlyForDeploymentPostprocessing = 0;
		};
		B30000000000000000000003 /* Frameworks */ = {
			isa = PBXFrameworksBuildPhase;
			buildActionMask = 2147483647;
			files = (
			);
			runOnlyForDeploymentPostprocessing = 0;
		};
		B30000000000000000000004 /* Frameworks */ = {
			isa = PBXFrameworksBuildPhase;
			buildActionMask = 2147483647;
			files = (
			);
			runOnlyForDeploymentPostprocessing = 0;
		};
		C30000000000000000000002 /* Frameworks */ = {
			isa = PBXFrameworksBuildPhase;
			buildActionMask = 2147483647;
			files = (
			);
			runOnlyForDeploymentPostprocessing = 0;
		};
		E30000000000000000000002 /* Frameworks */ = {
			isa = PBXFrameworksBuildPhase;
			buildActionMask = 2147483647;
			files = (
			);
			runOnlyForDeploymentPostprocessing = 0;
		};
/* End PBXFrameworksBuildPhase section */

/* Begin PBXGroup section */
		A40000000000000000000001 = {
			isa = PBXGroup;
			children = (
				A40000000000000000000002 /* Checkpoint */,
				C40000000000000000000001 /* CheckpointTests */,
				B40000000000000000000003 /* ShieldConfigurationExtension */,
				B40000000000000000000004 /* ShieldActionExtension */,
				E40000000000000000000001 /* DeviceActivityMonitorExtension */,
				A40000000000000000000008 /* Products */,
			);
			sourceTree = "<group>";
		};
		A40000000000000000000002 /* Checkpoint */ = {
			isa = PBXGroup;
			children = (
				A20000000000000000000001 /* CheckpointApp.swift */,
				A20000000000000000000019 /* Info.plist */,
				A2000000000000000000000F /* Checkpoint.entitlements */,
				D20000000000000000000001 /* PrivacyInfo.xcprivacy */,
				F20000000000000000000001 /* Assets.xcassets */,
				A40000000000000000000009 /* Config */,
				A40000000000000000000003 /* App */,
				A40000000000000000000004 /* Models */,
				A40000000000000000000005 /* Services */,
				B40000000000000000000001 /* Shared */,
				A40000000000000000000006 /* Views */,
			);
			path = Checkpoint;
			sourceTree = "<group>";
		};
		A40000000000000000000003 /* App */ = {
			isa = PBXGroup;
			children = (
				A20000000000000000000002 /* CheckpointStore.swift */,
				AA0000000000000000000014 /* WeeklyMetricsCalculator.swift */,
				AA0000000000000000000015 /* CheckpointQuestionSelector.swift */,
				AA0000000000000000000016 /* SkillMapReconciler.swift */,
				A2000000000000000000001B /* AppSnapshotPersistence.swift */,
				A2000000000000000000001E /* CheckpointWorkflowCoordinator.swift */,
			);
			path = App;
			sourceTree = "<group>";
		};
		A40000000000000000000004 /* Models */ = {
			isa = PBXGroup;
			children = (
				AA0000000000000000000004 /* GoalModels.swift */,
				AA0000000000000000000006 /* QuestionModels.swift */,
				AA0000000000000000000003 /* CheckpointSessionModels.swift */,
				AA0000000000000000000005 /* ProductAccessModels.swift */,
				AA0000000000000000000002 /* AppSnapshot.swift */,
				AA0000000000000000000001 /* AnswerGrader.swift */,
			);
			path = Models;
			sourceTree = "<group>";
		};
		A40000000000000000000005 /* Services */ = {
			isa = PBXGroup;
			children = (
				A20000000000000000000004 /* QuestionEngine.swift */,
				AA000000000000000000000B /* QuestionContext.swift */,
				AA000000000000000000000A /* QuestionBatchSanitizer.swift */,
				A20000000000000000000011 /* BackendQuestionEngine.swift */,
				AA0000000000000000000009 /* BackendQuestionBankClient.swift */,
				AA0000000000000000000008 /* BackendPayloads.swift */,
				AA0000000000000000000007 /* BackendClientSupport.swift */,
				A20000000000000000000012 /* AppleFoundationQuestionEngine.swift */,
				A20000000000000000000005 /* ScreenTimeController.swift */,
				A20000000000000000000015 /* PurchaseController.swift */,
				A2000000000000000000001C /* LegalLinks.swift */,
				A2000000000000000000001D /* GoalSourceDocumentImporter.swift */,
			);
			path = Services;
			sourceTree = "<group>";
		};
		A40000000000000000000006 /* Views */ = {
			isa = PBXGroup;
			children = (
				A20000000000000000000006 /* RootView.swift */,
				AA0000000000000000000011 /* RequiredScreenTimeAccessView.swift */,
				A20000000000000000000007 /* HomeView.swift */,
				AA000000000000000000000E /* HomeStudyBeaconViews.swift */,
				AA000000000000000000000D /* HomeProtectionControls.swift */,
				AA0000000000000000000013 /* WeeklyReviewView.swift */,
				A20000000000000000000008 /* OnboardingView.swift */,
				A20000000000000000000009 /* CheckpointAttemptView.swift */,
				A2000000000000000000000A /* HistoryView.swift */,
				A20000000000000000000010 /* CompetencyView.swift */,
				A2000000000000000000001F /* FocusWinsView.swift */,
				AA0000000000000000000012 /* SkillMapEditorViews.swift */,
				AA000000000000000000000C /* CompetencyRow.swift */,
				A2000000000000000000000B /* SettingsView.swift */,
				AA000000000000000000000F /* PracticeSettingsControls.swift */,
				AA0000000000000000000010 /* QuestionGenerationDiagnosticsView.swift */,
				A20000000000000000000014 /* SettingsSupportViews.swift */,
				A20000000000000000000013 /* QuestionReportsView.swift */,
				A2000000000000000000000E /* RestrictedAppsView.swift */,
				A20000000000000000000016 /* MembershipView.swift */,
				A40000000000000000000007 /* Components */,
			);
			path = Views;
			sourceTree = "<group>";
		};
		A40000000000000000000007 /* Components */ = {
			isa = PBXGroup;
			children = (
				A2000000000000000000000C /* CheckpointComponents.swift */,
			);
			path = Components;
			sourceTree = "<group>";
		};
		A40000000000000000000008 /* Products */ = {
			isa = PBXGroup;
			children = (
				A2000000000000000000000D /* Checkpoint.app */,
				B20000000000000000000008 /* ShieldConfigurationExtension.appex */,
				B20000000000000000000009 /* ShieldActionExtension.appex */,
				E20000000000000000000004 /* DeviceActivityMonitorExtension.appex */,
				C20000000000000000000002 /* CheckpointTests.xctest */,
			);
			name = Products;
			sourceTree = "<group>";
		};
		A40000000000000000000009 /* Config */ = {
			isa = PBXGroup;
			children = (
				A2000000000000000000001A /* CheckpointProducts.storekit */,
				A20000000000000000000017 /* Backend.xcconfig */,
				A20000000000000000000018 /* Secrets.example.xcconfig */,
			);
			path = Config;
			sourceTree = "<group>";
		};
		B40000000000000000000001 /* Shared */ = {
			isa = PBXGroup;
			children = (
				B20000000000000000000001 /* SharedAppGroup.swift */,
			);
			path = Shared;
			sourceTree = "<group>";
		};
		B40000000000000000000003 /* ShieldConfigurationExtension */ = {
			isa = PBXGroup;
			children = (
				B20000000000000000000002 /* ShieldConfigurationExtension.swift */,
				B20000000000000000000003 /* Info.plist */,
				B20000000000000000000004 /* ShieldConfigurationExtension.entitlements */,
				D20000000000000000000002 /* PrivacyInfo.xcprivacy */,
			);
			path = ShieldConfigurationExtension;
			sourceTree = "<group>";
		};
		B40000000000000000000004 /* ShieldActionExtension */ = {
			isa = PBXGroup;
			children = (
				B20000000000000000000005 /* ShieldActionExtension.swift */,
				B20000000000000000000006 /* Info.plist */,
				B20000000000000000000007 /* ShieldActionExtension.entitlements */,
				D20000000000000000000003 /* PrivacyInfo.xcprivacy */,
			);
			path = ShieldActionExtension;
			sourceTree = "<group>";
		};
		C40000000000000000000001 /* CheckpointTests */ = {
			isa = PBXGroup;
			children = (
				CA0000000000000000000005 /* GoalCreationTests.swift */,
				CA000000000000000000000E /* SkillMapTests.swift */,
				CA000000000000000000000D /* SkillMapMigrationTests.swift */,
				CA0000000000000000000002 /* AdaptiveSchedulingTests.swift */,
				CA0000000000000000000006 /* GoalProfileTests.swift */,
				CA0000000000000000000007 /* ProgressMetricsTests.swift */,
				CA0000000000000000000004 /* CheckpointSessionTests.swift */,
				CA0000000000000000000014 /* PracticeHistoryReviewPresentationTests.swift */,
				CA0000000000000000000015 /* HomeProtectionControlsTests.swift */,
				CA0000000000000000000016 /* CheckpointThemeTests.swift */,
				CA0000000000000000000017 /* FocusWinsViewRenderingTests.swift */,
				CA000000000000000000000C /* ScreenTimeCoordinationTests.swift */,
				CA000000000000000000000A /* QuestionRefillTests.swift */,
				CA0000000000000000000003 /* AppSnapshotPersistenceTests.swift */,
				CA0000000000000000000001 /* AIProviderPolicyTests.swift */,
				CA0000000000000000000009 /* QuestionGenerationTests.swift */,
				CA000000000000000000000B /* QuestionValidationTests.swift */,
				CA0000000000000000000008 /* QuestionBankAsyncFlowTests.swift */,
				CA000000000000000000000F /* UnlockPolicyTests.swift */,
				CC0000000000000000000001 /* TestSupport */,
				C20000000000000000000004 /* CheckpointWorkflowCoordinatorTests.swift */,
				C20000000000000000000005 /* BackendQuestionEngineContractTests.swift */,
				C20000000000000000000003 /* StoreKitPaymentTests.swift */,
			);
			path = CheckpointTests;
			sourceTree = "<group>";
		};
		CC0000000000000000000001 /* TestSupport */ = {
			isa = PBXGroup;
			children = (
				CA0000000000000000000010 /* CheckpointTestFixtures.swift */,
				CA0000000000000000000011 /* CheckpointWorkflowTestCase.swift */,
				CA0000000000000000000012 /* QuestionEngineTestDoubles.swift */,
				CA0000000000000000000013 /* QuestionBankTestDoubles.swift */,
			);
			path = TestSupport;
			sourceTree = "<group>";
		};
		E40000000000000000000001 /* DeviceActivityMonitorExtension */ = {
			isa = PBXGroup;
			children = (
				E20000000000000000000001 /* DeviceActivityMonitorExtension.swift */,
				E20000000000000000000002 /* Info.plist */,
				E20000000000000000000003 /* DeviceActivityMonitorExtension.entitlements */,
				E20000000000000000000005 /* PrivacyInfo.xcprivacy */,
			);
			path = DeviceActivityMonitorExtension;
			sourceTree = "<group>";
		};
/* End PBXGroup section */

/* Begin PBXNativeTarget section */
		A50000000000000000000001 /* Checkpoint */ = {
			isa = PBXNativeTarget;
			buildConfigurationList = A90000000000000000000002 /* Build configuration list for PBXNativeTarget "Checkpoint" */;
			buildPhases = (
				A71000000000000000000001 /* Validate Release Configuration */,
				A70000000000000000000001 /* Sources */,
				A30000000000000000000001 /* Frameworks */,
				A70000000000000000000002 /* Resources */,
				B70000000000000000000005 /* Embed Foundation Extensions */,
			);
			buildRules = (
			);
			dependencies = (
				B60000000000000000000001 /* PBXTargetDependency */,
				B60000000000000000000002 /* PBXTargetDependency */,
				E60000000000000000000001 /* PBXTargetDependency */,
			);
			name = Checkpoint;
			productName = Checkpoint;
			productReference = A2000000000000000000000D /* Checkpoint.app */;
			productType = "com.apple.product-type.application";
		};
		B50000000000000000000001 /* ShieldConfigurationExtension */ = {
			isa = PBXNativeTarget;
			buildConfigurationList = B90000000000000000000001 /* Build configuration list for PBXNativeTarget "ShieldConfigurationExtension" */;
			buildPhases = (
				B70000000000000000000001 /* Sources */,
				B30000000000000000000003 /* Frameworks */,
				B70000000000000000000002 /* Resources */,
			);
			buildRules = (
			);
			dependencies = (
			);
			name = ShieldConfigurationExtension;
			productName = ShieldConfigurationExtension;
			productReference = B20000000000000000000008 /* ShieldConfigurationExtension.appex */;
			productType = "com.apple.product-type.app-extension";
		};
		B50000000000000000000002 /* ShieldActionExtension */ = {
			isa = PBXNativeTarget;
			buildConfigurationList = B90000000000000000000002 /* Build configuration list for PBXNativeTarget "ShieldActionExtension" */;
			buildPhases = (
				B70000000000000000000003 /* Sources */,
				B30000000000000000000004 /* Frameworks */,
				B70000000000000000000004 /* Resources */,
			);
			buildRules = (
			);
			dependencies = (
			);
			name = ShieldActionExtension;
			productName = ShieldActionExtension;
			productReference = B20000000000000000000009 /* ShieldActionExtension.appex */;
			productType = "com.apple.product-type.app-extension";
		};
		C50000000000000000000001 /* CheckpointTests */ = {
			isa = PBXNativeTarget;
			buildConfigurationList = C90000000000000000000001 /* Build configuration list for PBXNativeTarget "CheckpointTests" */;
			buildPhases = (
				C70000000000000000000001 /* Sources */,
				C30000000000000000000002 /* Frameworks */,
				C70000000000000000000002 /* Resources */,
			);
			buildRules = (
			);
			dependencies = (
				C60000000000000000000001 /* PBXTargetDependency */,
			);
			name = CheckpointTests;
			productName = CheckpointTests;
			productReference = C20000000000000000000002 /* CheckpointTests.xctest */;
			productType = "com.apple.product-type.bundle.unit-test";
		};
		E50000000000000000000001 /* DeviceActivityMonitorExtension */ = {
			isa = PBXNativeTarget;
			buildConfigurationList = E90000000000000000000001 /* Build configuration list for PBXNativeTarget "DeviceActivityMonitorExtension" */;
			buildPhases = (
				E70000000000000000000001 /* Sources */,
				E30000000000000000000002 /* Frameworks */,
				E70000000000000000000002 /* Resources */,
			);
			buildRules = (
			);
			dependencies = (
			);
			name = DeviceActivityMonitorExtension;
			productName = DeviceActivityMonitorExtension;
			productReference = E20000000000000000000004 /* DeviceActivityMonitorExtension.appex */;
			productType = "com.apple.product-type.app-extension";
		};
/* End PBXNativeTarget section */

/* Begin PBXProject section */
		A60000000000000000000001 /* Project object */ = {
			isa = PBXProject;
			attributes = {
				BuildIndependentTargetsInParallel = 1;
				LastSwiftUpdateCheck = 1600;
				LastUpgradeCheck = 2640;
				TargetAttributes = {
					A50000000000000000000001 = {
						CreatedOnToolsVersion = 16.0;
					};
					C50000000000000000000001 = {
						CreatedOnToolsVersion = 16.0;
						TestTargetID = A50000000000000000000001;
					};
					E50000000000000000000001 = {
						CreatedOnToolsVersion = 16.0;
					};
				};
			};
			buildConfigurationList = A90000000000000000000001 /* Build configuration list for PBXProject "Checkpoint" */;
			compatibilityVersion = "Xcode 14.0";
			developmentRegion = en;
			hasScannedForEncodings = 0;
			knownRegions = (
				en,
				Base,
			);
			mainGroup = A40000000000000000000001;
			productRefGroup = A40000000000000000000008 /* Products */;
			projectDirPath = "";
			projectRoot = "";
			targets = (
				A50000000000000000000001 /* Checkpoint */,
				B50000000000000000000001 /* ShieldConfigurationExtension */,
				B50000000000000000000002 /* ShieldActionExtension */,
				E50000000000000000000001 /* DeviceActivityMonitorExtension */,
				C50000000000000000000001 /* CheckpointTests */,
			);
		};
/* End PBXProject section */

/* Begin PBXResourcesBuildPhase section */
		A70000000000000000000002 /* Resources */ = {
			isa = PBXResourcesBuildPhase;
			buildActionMask = 2147483647;
			files = (
				D10000000000000000000001 /* PrivacyInfo.xcprivacy in Resources */,
				F10000000000000000000001 /* Assets.xcassets in Resources */,
			);
			runOnlyForDeploymentPostprocessing = 0;
		};
		B70000000000000000000002 /* Resources */ = {
			isa = PBXResourcesBuildPhase;
			buildActionMask = 2147483647;
			files = (
				D10000000000000000000002 /* PrivacyInfo.xcprivacy in Resources */,
			);
			runOnlyForDeploymentPostprocessing = 0;
		};
		B70000000000000000000004 /* Resources */ = {
			isa = PBXResourcesBuildPhase;
			buildActionMask = 2147483647;
			files = (
				D10000000000000000000003 /* PrivacyInfo.xcprivacy in Resources */,
			);
			runOnlyForDeploymentPostprocessing = 0;
		};
		C70000000000000000000002 /* Resources */ = {
			isa = PBXResourcesBuildPhase;
			buildActionMask = 2147483647;
			files = (
				C10000000000000000000002 /* CheckpointProducts.storekit in Resources */,
			);
			runOnlyForDeploymentPostprocessing = 0;
		};
		E70000000000000000000002 /* Resources */ = {
			isa = PBXResourcesBuildPhase;
			buildActionMask = 2147483647;
			files = (
				E10000000000000000000003 /* PrivacyInfo.xcprivacy in Resources */,
			);
			runOnlyForDeploymentPostprocessing = 0;
		};
/* End PBXResourcesBuildPhase section */

/* Begin PBXShellScriptBuildPhase section */
		A71000000000000000000001 /* Validate Release Configuration */ = {
			isa = PBXShellScriptBuildPhase;
			alwaysOutOfDate = 1;
			buildActionMask = 2147483647;
			files = (
			);
			inputFileListPaths = (
			);
			inputPaths = (
			);
			name = "Validate Release Configuration";
			outputFileListPaths = (
			);
			outputPaths = (
			);
			runOnlyForDeploymentPostprocessing = 0;
			shellPath = /bin/sh;
			showEnvVarsInLog = 0;
			shellScript = "if [ \"$CONFIGURATION\" != \"Release\" ]; then\n  exit 0\nfi\n\nendpoint=\"${CHECKPOINT_AI_BACKEND_ENDPOINT:-}\"\ntoken=\"${CHECKPOINT_AI_BACKEND_TOKEN:-}\"\nprivacy_url=\"${CHECKPOINT_PRIVACY_POLICY_URL:-}\"\nsupport_url=\"${CHECKPOINT_SUPPORT_URL:-}\"\nallow_ci_placeholders=\"${CHECKPOINT_ALLOW_CI_PLACEHOLDER_URLS:-NO}\"\n\ninvalid_endpoint() {\n  echo \"error: Release requires a real HTTPS CHECKPOINT_AI_BACKEND_ENDPOINT. Configure Secrets.xcconfig or CHECKPOINT_AI_BACKEND_ENDPOINT_OVERRIDE.\"\n  exit 1\n}\n\nif [ \"$allow_ci_placeholders\" = \"YES\" ] && [ \"${CI:-false}\" != \"true\" ]; then\n  echo \"error: CHECKPOINT_ALLOW_CI_PLACEHOLDER_URLS is restricted to CI compile checks.\"\n  exit 1\nfi\n\ncase \"$endpoint\" in\n  https://*) ;;\n  *) invalid_endpoint ;;\nesac\n\nendpoint_host=\"${endpoint#https://}\"\nendpoint_host=\"${endpoint_host%%/*}\"\ncase \"$endpoint_host\" in\n  *.*) ;;\n  *) invalid_endpoint ;;\nesac\n\nif printf '%s' \"$endpoint\" | grep -Eiq '[[:space:]]|\\$\\(|your-lambda-url|example\\.(com|invalid)'; then\n  invalid_endpoint\nfi\nif [ \"$allow_ci_placeholders\" != \"YES\" ] && printf '%s' \"$endpoint_host\" | grep -Eiq '\\.invalid$'; then\n  invalid_endpoint\nfi\n\nif [ \"${#token}\" -lt 32 ] || printf '%s' \"$token\" | grep -Eiq '\\$\\(|replace-with|example|test-only'; then\n  echo \"error: Release requires a non-placeholder CHECKPOINT_AI_BACKEND_TOKEN of at least 32 characters. Configure Secrets.xcconfig or CHECKPOINT_AI_BACKEND_TOKEN_OVERRIDE.\"\n  exit 1\nfi\n\nvalidate_public_url() {\n  value=\"$1\"\n  label=\"$2\"\n  case \"$value\" in\n    https://*) ;;\n    *) echo \"error: Release requires a real HTTPS $label. Configure Secrets.xcconfig or the corresponding build-setting override.\"; exit 1 ;;\n  esac\n  host=\"${value#https://}\"\n  host=\"${host%%/*}\"\n  case \"$host\" in\n    *.*) ;;\n    *) echo \"error: Release requires a valid hosted $label.\"; exit 1 ;;\n  esac\n  if printf '%s' \"$value\" | grep -Eiq '[[:space:]]|\\$\\(|replace-with|your-'; then\n    echo \"error: Release requires a non-placeholder $label.\"\n    exit 1\n  fi\n  if [ \"$allow_ci_placeholders\" != \"YES\" ] && printf '%s' \"$host\" | grep -Eiq '(^|\\.)example\\.(com|invalid)$|\\.invalid$'; then\n    echo \"error: Release requires a publicly hosted $label. Reserved CI placeholder domains are not allowed.\"\n    exit 1\n  fi\n}\n\nvalidate_public_url \"$privacy_url\" \"CHECKPOINT_PRIVACY_POLICY_URL\"\nvalidate_public_url \"$support_url\" \"CHECKPOINT_SUPPORT_URL\"\n";
		};
/* End PBXShellScriptBuildPhase section */

/* Begin PBXSourcesBuildPhase section */
		A70000000000000000000001 /* Sources */ = {
			isa = PBXSourcesBuildPhase;
			buildActionMask = 2147483647;
			files = (
				A10000000000000000000001 /* CheckpointApp.swift in Sources */,
				A10000000000000000000002 /* CheckpointStore.swift in Sources */,
				AB0000000000000000000014 /* WeeklyMetricsCalculator.swift in Sources */,
				AB0000000000000000000015 /* CheckpointQuestionSelector.swift in Sources */,
				AB0000000000000000000016 /* SkillMapReconciler.swift in Sources */,
				A10000000000000000000017 /* AppSnapshotPersistence.swift in Sources */,
				A1000000000000000000001A /* CheckpointWorkflowCoordinator.swift in Sources */,
				AB0000000000000000000004 /* GoalModels.swift in Sources */,
				AB0000000000000000000006 /* QuestionModels.swift in Sources */,
				AB0000000000000000000003 /* CheckpointSessionModels.swift in Sources */,
				AB0000000000000000000005 /* ProductAccessModels.swift in Sources */,
				AB0000000000000000000002 /* AppSnapshot.swift in Sources */,
				AB0000000000000000000001 /* AnswerGrader.swift in Sources */,
				A10000000000000000000004 /* QuestionEngine.swift in Sources */,
				AB000000000000000000000B /* QuestionContext.swift in Sources */,
				AB000000000000000000000A /* QuestionBatchSanitizer.swift in Sources */,
				A10000000000000000000011 /* BackendQuestionEngine.swift in Sources */,
				AB0000000000000000000009 /* BackendQuestionBankClient.swift in Sources */,
				AB0000000000000000000008 /* BackendPayloads.swift in Sources */,
				AB0000000000000000000007 /* BackendClientSupport.swift in Sources */,
				A10000000000000000000012 /* AppleFoundationQuestionEngine.swift in Sources */,
				A10000000000000000000019 /* GoalSourceDocumentImporter.swift in Sources */,
				A10000000000000000000005 /* ScreenTimeController.swift in Sources */,
				A10000000000000000000015 /* PurchaseController.swift in Sources */,
				A10000000000000000000018 /* LegalLinks.swift in Sources */,
				A10000000000000000000006 /* RootView.swift in Sources */,
				AB0000000000000000000011 /* RequiredScreenTimeAccessView.swift in Sources */,
				A10000000000000000000007 /* HomeView.swift in Sources */,
				AB000000000000000000000E /* HomeStudyBeaconViews.swift in Sources */,
				AB000000000000000000000D /* HomeProtectionControls.swift in Sources */,
				AB0000000000000000000013 /* WeeklyReviewView.swift in Sources */,
				A10000000000000000000008 /* OnboardingView.swift in Sources */,
				A10000000000000000000009 /* CheckpointAttemptView.swift in Sources */,
				A1000000000000000000000A /* HistoryView.swift in Sources */,
				A1000000000000000000000B /* SettingsView.swift in Sources */,
				AB000000000000000000000F /* PracticeSettingsControls.swift in Sources */,
				AB0000000000000000000010 /* QuestionGenerationDiagnosticsView.swift in Sources */,
				A10000000000000000000014 /* SettingsSupportViews.swift in Sources */,
				A10000000000000000000013 /* QuestionReportsView.swift in Sources */,
				A10000000000000000000010 /* CompetencyView.swift in Sources */,
				A1000000000000000000001B /* FocusWinsView.swift in Sources */,
				AB0000000000000000000012 /* SkillMapEditorViews.swift in Sources */,
				AB000000000000000000000C /* CompetencyRow.swift in Sources */,
				A1000000000000000000000E /* RestrictedAppsView.swift in Sources */,
				A10000000000000000000016 /* MembershipView.swift in Sources */,
				A1000000000000000000000C /* CheckpointComponents.swift in Sources */,
				B10000000000000000000001 /* SharedAppGroup.swift in Sources */,
			);
			runOnlyForDeploymentPostprocessing = 0;
		};
		B70000000000000000000001 /* Sources */ = {
			isa = PBXSourcesBuildPhase;
			buildActionMask = 2147483647;
			files = (
				B10000000000000000000002 /* ShieldConfigurationExtension.swift in Sources */,
				B10000000000000000000003 /* SharedAppGroup.swift in Sources */,
			);
			runOnlyForDeploymentPostprocessing = 0;
		};
		B70000000000000000000003 /* Sources */ = {
			isa = PBXSourcesBuildPhase;
			buildActionMask = 2147483647;
			files = (
				B10000000000000000000004 /* ShieldActionExtension.swift in Sources */,
				B10000000000000000000005 /* SharedAppGroup.swift in Sources */,
			);
			runOnlyForDeploymentPostprocessing = 0;
		};
		C70000000000000000000001 /* Sources */ = {
			isa = PBXSourcesBuildPhase;
			buildActionMask = 2147483647;
			files = (
				CB0000000000000000000005 /* GoalCreationTests.swift in Sources */,
				CB000000000000000000000E /* SkillMapTests.swift in Sources */,
				CB000000000000000000000D /* SkillMapMigrationTests.swift in Sources */,
				CB0000000000000000000002 /* AdaptiveSchedulingTests.swift in Sources */,
				CB0000000000000000000006 /* GoalProfileTests.swift in Sources */,
				CB0000000000000000000007 /* ProgressMetricsTests.swift in Sources */,
				CB0000000000000000000004 /* CheckpointSessionTests.swift in Sources */,
				CB0000000000000000000014 /* PracticeHistoryReviewPresentationTests.swift in Sources */,
				CB0000000000000000000015 /* HomeProtectionControlsTests.swift in Sources */,
				CB0000000000000000000016 /* CheckpointThemeTests.swift in Sources */,
				CB0000000000000000000017 /* FocusWinsViewRenderingTests.swift in Sources */,
				CB000000000000000000000C /* ScreenTimeCoordinationTests.swift in Sources */,
				CB000000000000000000000A /* QuestionRefillTests.swift in Sources */,
				CB0000000000000000000003 /* AppSnapshotPersistenceTests.swift in Sources */,
				CB0000000000000000000001 /* AIProviderPolicyTests.swift in Sources */,
				CB0000000000000000000009 /* QuestionGenerationTests.swift in Sources */,
				CB000000000000000000000B /* QuestionValidationTests.swift in Sources */,
				CB0000000000000000000008 /* QuestionBankAsyncFlowTests.swift in Sources */,
				CB000000000000000000000F /* UnlockPolicyTests.swift in Sources */,
				CB0000000000000000000010 /* CheckpointTestFixtures.swift in Sources */,
				CB0000000000000000000011 /* CheckpointWorkflowTestCase.swift in Sources */,
				CB0000000000000000000012 /* QuestionEngineTestDoubles.swift in Sources */,
				CB0000000000000000000013 /* QuestionBankTestDoubles.swift in Sources */,
				C10000000000000000000004 /* CheckpointWorkflowCoordinatorTests.swift in Sources */,
				C10000000000000000000005 /* BackendQuestionEngineContractTests.swift in Sources */,
				C10000000000000000000003 /* StoreKitPaymentTests.swift in Sources */,
			);
			runOnlyForDeploymentPostprocessing = 0;
		};
		E70000000000000000000001 /* Sources */ = {
			isa = PBXSourcesBuildPhase;
			buildActionMask = 2147483647;
			files = (
				E10000000000000000000001 /* DeviceActivityMonitorExtension.swift in Sources */,
				E10000000000000000000002 /* SharedAppGroup.swift in Sources */,
			);
			runOnlyForDeploymentPostprocessing = 0;
		};
/* End PBXSourcesBuildPhase section */

/* Begin PBXTargetDependency section */
		B60000000000000000000001 /* PBXTargetDependency */ = {
			isa = PBXTargetDependency;
			target = B50000000000000000000001 /* ShieldConfigurationExtension */;
			targetProxy = B30000000000000000000001 /* PBXContainerItemProxy */;
		};
		B60000000000000000000002 /* PBXTargetDependency */ = {
			isa = PBXTargetDependency;
			target = B50000000000000000000002 /* ShieldActionExtension */;
			targetProxy = B30000000000000000000002 /* PBXContainerItemProxy */;
		};
		C60000000000000000000001 /* PBXTargetDependency */ = {
			isa = PBXTargetDependency;
			target = A50000000000000000000001 /* Checkpoint */;
			targetProxy = C30000000000000000000001 /* PBXContainerItemProxy */;
		};
		E60000000000000000000001 /* PBXTargetDependency */ = {
			isa = PBXTargetDependency;
			target = E50000000000000000000001 /* DeviceActivityMonitorExtension */;
			targetProxy = E30000000000000000000001 /* PBXContainerItemProxy */;
		};
/* End PBXTargetDependency section */

/* Begin XCBuildConfiguration section */
		A80000000000000000000001 /* Debug */ = {
			isa = XCBuildConfiguration;
			buildSettings = {
				ALWAYS_SEARCH_USER_PATHS = NO;
				CLANG_ANALYZER_NONNULL = YES;
				CLANG_ANALYZER_NUMBER_OBJECT_CONVERSION = YES_AGGRESSIVE;
				CLANG_CXX_LANGUAGE_STANDARD = "gnu++20";
				CLANG_ENABLE_MODULES = YES;
				CLANG_ENABLE_OBJC_ARC = YES;
				CLANG_ENABLE_OBJC_WEAK = YES;
				CLANG_WARN_BLOCK_CAPTURE_AUTORELEASING = YES;
				CLANG_WARN_BOOL_CONVERSION = YES;
				CLANG_WARN_COMMA = YES;
				CLANG_WARN_CONSTANT_CONVERSION = YES;
				CLANG_WARN_DEPRECATED_OBJC_IMPLEMENTATIONS = YES;
				CLANG_WARN_DIRECT_OBJC_ISA_USAGE = YES_ERROR;
				CLANG_WARN_DOCUMENTATION_COMMENTS = YES;
				CLANG_WARN_EMPTY_BODY = YES;
				CLANG_WARN_ENUM_CONVERSION = YES;
				CLANG_WARN_INFINITE_RECURSION = YES;
				CLANG_WARN_INT_CONVERSION = YES;
				CLANG_WARN_NON_LITERAL_NULL_CONVERSION = YES;
				CLANG_WARN_OBJC_IMPLICIT_RETAIN_SELF = YES;
				CLANG_WARN_OBJC_LITERAL_CONVERSION = YES;
				CLANG_WARN_OBJC_ROOT_CLASS = YES_ERROR;
				CLANG_WARN_QUOTED_INCLUDE_IN_FRAMEWORK_HEADER = YES;
				CLANG_WARN_RANGE_LOOP_ANALYSIS = YES;
				CLANG_WARN_STRICT_PROTOTYPES = YES;
				CLANG_WARN_SUSPICIOUS_MOVE = YES;
				CLANG_WARN_UNGUARDED_AVAILABILITY = YES_AGGRESSIVE;
				CLANG_WARN_UNREACHABLE_CODE = YES;
				CLANG_WARN__DUPLICATE_METHOD_MATCH = YES;
				COPY_PHASE_STRIP = NO;
				DEBUG_INFORMATION_FORMAT = dwarf;
				ENABLE_STRICT_OBJC_MSGSEND = YES;
				ENABLE_TESTABILITY = YES;
				ENABLE_USER_SCRIPT_SANDBOXING = YES;
				GCC_C_LANGUAGE_STANDARD = gnu17;
				GCC_DYNAMIC_NO_PIC = NO;
				GCC_NO_COMMON_BLOCKS = YES;
				GCC_OPTIMIZATION_LEVEL = 0;
				GCC_PREPROCESSOR_DEFINITIONS = (
					"DEBUG=1",
					"$(inherited)",
				);
				GCC_WARN_64_TO_32_BIT_CONVERSION = YES;
				GCC_WARN_ABOUT_RETURN_TYPE = YES_ERROR;
				GCC_WARN_UNDECLARED_SELECTOR = YES;
				GCC_WARN_UNINITIALIZED_AUTOS = YES_AGGRESSIVE;
				GCC_WARN_UNUSED_FUNCTION = YES;
				GCC_WARN_UNUSED_VARIABLE = YES;
				IPHONEOS_DEPLOYMENT_TARGET = 17.0;
				MTL_ENABLE_DEBUG_INFO = INCLUDE_SOURCE;
				MTL_FAST_MATH = YES;
				ONLY_ACTIVE_ARCH = YES;
				SDKROOT = iphoneos;
				STRING_CATALOG_GENERATE_SYMBOLS = YES;
				SWIFT_ACTIVE_COMPILATION_CONDITIONS = DEBUG;
				SWIFT_OPTIMIZATION_LEVEL = "-Onone";
			};
			name = Debug;
		};
		A80000000000000000000002 /* Release */ = {
			isa = XCBuildConfiguration;
			buildSettings = {
				ALWAYS_SEARCH_USER_PATHS = NO;
				CLANG_ANALYZER_NONNULL = YES;
				CLANG_ANALYZER_NUMBER_OBJECT_CONVERSION = YES_AGGRESSIVE;
				CLANG_CXX_LANGUAGE_STANDARD = "gnu++20";
				CLANG_ENABLE_MODULES = YES;
				CLANG_ENABLE_OBJC_ARC = YES;
				CLANG_ENABLE_OBJC_WEAK = YES;
				CLANG_WARN_BLOCK_CAPTURE_AUTORELEASING = YES;
				CLANG_WARN_BOOL_CONVERSION = YES;
				CLANG_WARN_COMMA = YES;
				CLANG_WARN_CONSTANT_CONVERSION = YES;
				CLANG_WARN_DEPRECATED_OBJC_IMPLEMENTATIONS = YES;
				CLANG_WARN_DIRECT_OBJC_ISA_USAGE = YES_ERROR;
				CLANG_WARN_DOCUMENTATION_COMMENTS = YES;
				CLANG_WARN_EMPTY_BODY = YES;
				CLANG_WARN_ENUM_CONVERSION = YES;
				CLANG_WARN_INFINITE_RECURSION = YES;
				CLANG_WARN_INT_CONVERSION = YES;
				CLANG_WARN_NON_LITERAL_NULL_CONVERSION = YES;
				CLANG_WARN_OBJC_IMPLICIT_RETAIN_SELF = YES;
				CLANG_WARN_OBJC_LITERAL_CONVERSION = YES;
				CLANG_WARN_OBJC_ROOT_CLASS = YES_ERROR;
				CLANG_WARN_QUOTED_INCLUDE_IN_FRAMEWORK_HEADER = YES;
				CLANG_WARN_RANGE_LOOP_ANALYSIS = YES;
				CLANG_WARN_STRICT_PROTOTYPES = YES;
				CLANG_WARN_SUSPICIOUS_MOVE = YES;
				CLANG_WARN_UNGUARDED_AVAILABILITY = YES_AGGRESSIVE;
				CLANG_WARN_UNREACHABLE_CODE = YES;
				CLANG_WARN__DUPLICATE_METHOD_MATCH = YES;
				COPY_PHASE_STRIP = NO;
				DEBUG_INFORMATION_FORMAT = "dwarf-with-dsym";
				ENABLE_NS_ASSERTIONS = NO;
				ENABLE_STRICT_OBJC_MSGSEND = YES;
				ENABLE_USER_SCRIPT_SANDBOXING = YES;
				GCC_C_LANGUAGE_STANDARD = gnu17;
				GCC_NO_COMMON_BLOCKS = YES;
				GCC_WARN_64_TO_32_BIT_CONVERSION = YES;
				GCC_WARN_ABOUT_RETURN_TYPE = YES_ERROR;
				GCC_WARN_UNDECLARED_SELECTOR = YES;
				GCC_WARN_UNINITIALIZED_AUTOS = YES_AGGRESSIVE;
				GCC_WARN_UNUSED_FUNCTION = YES;
				GCC_WARN_UNUSED_VARIABLE = YES;
				IPHONEOS_DEPLOYMENT_TARGET = 17.0;
				MTL_ENABLE_DEBUG_INFO = NO;
				MTL_FAST_MATH = YES;
				SDKROOT = iphoneos;
				STRING_CATALOG_GENERATE_SYMBOLS = YES;
				SWIFT_COMPILATION_MODE = wholemodule;
				SWIFT_OPTIMIZATION_LEVEL = "-O";
				VALIDATE_PRODUCT = YES;
			};
			name = Release;
		};
		A80000000000000000000003 /* Debug */ = {
			isa = XCBuildConfiguration;
			baseConfigurationReference = A20000000000000000000017 /* Backend.xcconfig */;
			buildSettings = {
				ASSETCATALOG_COMPILER_GLOBAL_ACCENT_COLOR_NAME = AccentColor;
				ASSETCATALOG_COMPILER_APPICON_NAME = AppIcon;
				CODE_SIGN_ENTITLEMENTS = Checkpoint/Checkpoint.entitlements;
				CODE_SIGN_IDENTITY = "Apple Development";
				CODE_SIGN_STYLE = Automatic;
				CURRENT_PROJECT_VERSION = 5;
				DEVELOPMENT_ASSET_PATHS = "";
				DEVELOPMENT_TEAM = RF8739P5MC;
				ENABLE_PREVIEWS = YES;
				GENERATE_INFOPLIST_FILE = NO;
				INFOPLIST_FILE = Checkpoint/Info.plist;
				IPHONEOS_DEPLOYMENT_TARGET = 17.0;
				MARKETING_VERSION = 1.0;
				PRODUCT_BUNDLE_IDENTIFIER = com.samchou.checkpoint;
				PRODUCT_NAME = "$(TARGET_NAME)";
				PROVISIONING_PROFILE_SPECIFIER = "";
				SDKROOT = iphoneos;
				SUPPORTED_PLATFORMS = "iphoneos iphonesimulator";
				SUPPORTS_MACCATALYST = NO;
				SUPPORTS_MAC_DESIGNED_FOR_IPHONE_IPAD = NO;
				SWIFT_EMIT_LOC_STRINGS = YES;
				SWIFT_VERSION = 6.0;
				TARGETED_DEVICE_FAMILY = 1;
			};
			name = Debug;
		};
		A80000000000000000000004 /* Release */ = {
			isa = XCBuildConfiguration;
			baseConfigurationReference = A20000000000000000000017 /* Backend.xcconfig */;
			buildSettings = {
				ASSETCATALOG_COMPILER_GLOBAL_ACCENT_COLOR_NAME = AccentColor;
				ASSETCATALOG_COMPILER_APPICON_NAME = AppIcon;
				CODE_SIGN_ENTITLEMENTS = Checkpoint/Checkpoint.entitlements;
				CODE_SIGN_IDENTITY = "Apple Development";
				CODE_SIGN_STYLE = Automatic;
				CURRENT_PROJECT_VERSION = 5;
				DEVELOPMENT_ASSET_PATHS = "";
				DEVELOPMENT_TEAM = RF8739P5MC;
				ENABLE_PREVIEWS = YES;
				GENERATE_INFOPLIST_FILE = NO;
				INFOPLIST_FILE = Checkpoint/Info.plist;
				IPHONEOS_DEPLOYMENT_TARGET = 17.0;
				MARKETING_VERSION = 1.0;
				PRODUCT_BUNDLE_IDENTIFIER = com.samchou.checkpoint;
				PRODUCT_NAME = "$(TARGET_NAME)";
				PROVISIONING_PROFILE_SPECIFIER = "";
				SDKROOT = iphoneos;
				SUPPORTED_PLATFORMS = "iphoneos iphonesimulator";
				SUPPORTS_MACCATALYST = NO;
				SUPPORTS_MAC_DESIGNED_FOR_IPHONE_IPAD = NO;
				SWIFT_EMIT_LOC_STRINGS = YES;
				SWIFT_VERSION = 6.0;
				TARGETED_DEVICE_FAMILY = 1;
				VALIDATE_PRODUCT = YES;
			};
			name = Release;
		};
		B80000000000000000000001 /* Debug */ = {
			isa = XCBuildConfiguration;
			buildSettings = {
				APPLICATION_EXTENSION_API_ONLY = YES;
				CODE_SIGN_ENTITLEMENTS = ShieldConfigurationExtension/ShieldConfigurationExtension.entitlements;
				CODE_SIGN_STYLE = Automatic;
				CURRENT_PROJECT_VERSION = 5;
				DEVELOPMENT_TEAM = RF8739P5MC;
				GENERATE_INFOPLIST_FILE = NO;
				INFOPLIST_FILE = ShieldConfigurationExtension/Info.plist;
				IPHONEOS_DEPLOYMENT_TARGET = 17.0;
				MARKETING_VERSION = 1.0;
				PRODUCT_BUNDLE_IDENTIFIER = com.samchou.checkpoint.ShieldConfigurationExtension;
				PRODUCT_NAME = "$(TARGET_NAME)";
				SDKROOT = iphoneos;
				SKIP_INSTALL = YES;
				SUPPORTED_PLATFORMS = "iphoneos iphonesimulator";
				SWIFT_VERSION = 6.0;
				TARGETED_DEVICE_FAMILY = 1;
			};
			name = Debug;
		};
		B80000000000000000000002 /* Release */ = {
			isa = XCBuildConfiguration;
			buildSettings = {
				APPLICATION_EXTENSION_API_ONLY = YES;
				CODE_SIGN_ENTITLEMENTS = ShieldConfigurationExtension/ShieldConfigurationExtension.entitlements;
				CODE_SIGN_STYLE = Automatic;
				CURRENT_PROJECT_VERSION = 5;
				DEVELOPMENT_TEAM = RF8739P5MC;
				GENERATE_INFOPLIST_FILE = NO;
				INFOPLIST_FILE = ShieldConfigurationExtension/Info.plist;
				IPHONEOS_DEPLOYMENT_TARGET = 17.0;
				MARKETING_VERSION = 1.0;
				PRODUCT_BUNDLE_IDENTIFIER = com.samchou.checkpoint.ShieldConfigurationExtension;
				PRODUCT_NAME = "$(TARGET_NAME)";
				SDKROOT = iphoneos;
				SKIP_INSTALL = YES;
				SUPPORTED_PLATFORMS = "iphoneos iphonesimulator";
				SWIFT_VERSION = 6.0;
				TARGETED_DEVICE_FAMILY = 1;
				VALIDATE_PRODUCT = YES;
			};
			name = Release;
		};
		B80000000000000000000003 /* Debug */ = {
			isa = XCBuildConfiguration;
			buildSettings = {
				APPLICATION_EXTENSION_API_ONLY = YES;
				CODE_SIGN_ENTITLEMENTS = ShieldActionExtension/ShieldActionExtension.entitlements;
				CODE_SIGN_STYLE = Automatic;
				CURRENT_PROJECT_VERSION = 5;
				DEVELOPMENT_TEAM = RF8739P5MC;
				GENERATE_INFOPLIST_FILE = NO;
				INFOPLIST_FILE = ShieldActionExtension/Info.plist;
				IPHONEOS_DEPLOYMENT_TARGET = 17.0;
				MARKETING_VERSION = 1.0;
				PRODUCT_BUNDLE_IDENTIFIER = com.samchou.checkpoint.ShieldActionExtension;
				PRODUCT_NAME = "$(TARGET_NAME)";
				SDKROOT = iphoneos;
				SKIP_INSTALL = YES;
				SUPPORTED_PLATFORMS = "iphoneos iphonesimulator";
				SWIFT_VERSION = 6.0;
				TARGETED_DEVICE_FAMILY = 1;
			};
			name = Debug;
		};
		B80000000000000000000004 /* Release */ = {
			isa = XCBuildConfiguration;
			buildSettings = {
				APPLICATION_EXTENSION_API_ONLY = YES;
				CODE_SIGN_ENTITLEMENTS = ShieldActionExtension/ShieldActionExtension.entitlements;
				CODE_SIGN_STYLE = Automatic;
				CURRENT_PROJECT_VERSION = 5;
				DEVELOPMENT_TEAM = RF8739P5MC;
				GENERATE_INFOPLIST_FILE = NO;
				INFOPLIST_FILE = ShieldActionExtension/Info.plist;
				IPHONEOS_DEPLOYMENT_TARGET = 17.0;
				MARKETING_VERSION = 1.0;
				PRODUCT_BUNDLE_IDENTIFIER = com.samchou.checkpoint.ShieldActionExtension;
				PRODUCT_NAME = "$(TARGET_NAME)";
				SDKROOT = iphoneos;
				SKIP_INSTALL = YES;
				SUPPORTED_PLATFORMS = "iphoneos iphonesimulator";
				SWIFT_VERSION = 6.0;
				TARGETED_DEVICE_FAMILY = 1;
				VALIDATE_PRODUCT = YES;
			};
			name = Release;
		};
		C80000000000000000000001 /* Debug */ = {
			isa = XCBuildConfiguration;
			buildSettings = {
				BUNDLE_LOADER = "$(TEST_HOST)";
				CODE_SIGN_STYLE = Automatic;
				CURRENT_PROJECT_VERSION = 5;
				DEVELOPMENT_TEAM = RF8739P5MC;
				GENERATE_INFOPLIST_FILE = YES;
				IPHONEOS_DEPLOYMENT_TARGET = 17.0;
				LD_RUNPATH_SEARCH_PATHS = (
					"$(inherited)",
					"@executable_path/Frameworks",
					"@loader_path/Frameworks",
				);
				MARKETING_VERSION = 1.0;
				PRODUCT_BUNDLE_IDENTIFIER = com.samchou.checkpointTests;
				PRODUCT_NAME = "$(TARGET_NAME)";
				SDKROOT = iphoneos;
				SUPPORTED_PLATFORMS = "iphoneos iphonesimulator";
				SWIFT_EMIT_LOC_STRINGS = NO;
				SWIFT_VERSION = 6.0;
				TARGETED_DEVICE_FAMILY = 1;
				TEST_HOST = "$(BUILT_PRODUCTS_DIR)/Checkpoint.app/$(BUNDLE_EXECUTABLE_FOLDER_PATH)/Checkpoint";
			};
			name = Debug;
		};
		C80000000000000000000002 /* Release */ = {
			isa = XCBuildConfiguration;
			buildSettings = {
				BUNDLE_LOADER = "$(TEST_HOST)";
				CODE_SIGN_STYLE = Automatic;
				CURRENT_PROJECT_VERSION = 5;
				DEVELOPMENT_TEAM = RF8739P5MC;
				GENERATE_INFOPLIST_FILE = YES;
				IPHONEOS_DEPLOYMENT_TARGET = 17.0;
				LD_RUNPATH_SEARCH_PATHS = (
					"$(inherited)",
					"@executable_path/Frameworks",
					"@loader_path/Frameworks",
				);
				MARKETING_VERSION = 1.0;
				PRODUCT_BUNDLE_IDENTIFIER = com.samchou.checkpointTests;
				PRODUCT_NAME = "$(TARGET_NAME)";
				SDKROOT = iphoneos;
				SUPPORTED_PLATFORMS = "iphoneos iphonesimulator";
				SWIFT_EMIT_LOC_STRINGS = NO;
				SWIFT_VERSION = 6.0;
				TARGETED_DEVICE_FAMILY = 1;
				TEST_HOST = "$(BUILT_PRODUCTS_DIR)/Checkpoint.app/$(BUNDLE_EXECUTABLE_FOLDER_PATH)/Checkpoint";
				VALIDATE_PRODUCT = YES;
			};
			name = Release;
		};
		E80000000000000000000001 /* Debug */ = {
			isa = XCBuildConfiguration;
			buildSettings = {
				APPLICATION_EXTENSION_API_ONLY = YES;
				CODE_SIGN_ENTITLEMENTS = DeviceActivityMonitorExtension/DeviceActivityMonitorExtension.entitlements;
				CODE_SIGN_STYLE = Automatic;
				CURRENT_PROJECT_VERSION = 5;
				DEVELOPMENT_TEAM = RF8739P5MC;
				GENERATE_INFOPLIST_FILE = NO;
				INFOPLIST_FILE = DeviceActivityMonitorExtension/Info.plist;
				IPHONEOS_DEPLOYMENT_TARGET = 17.0;
				MARKETING_VERSION = 1.0;
				PRODUCT_BUNDLE_IDENTIFIER = com.samchou.checkpoint.DeviceActivityMonitorExtension;
				PRODUCT_NAME = "$(TARGET_NAME)";
				SDKROOT = iphoneos;
				SKIP_INSTALL = YES;
				SUPPORTED_PLATFORMS = "iphoneos iphonesimulator";
				SWIFT_VERSION = 6.0;
				TARGETED_DEVICE_FAMILY = 1;
			};
			name = Debug;
		};
		E80000000000000000000002 /* Release */ = {
			isa = XCBuildConfiguration;
			buildSettings = {
				APPLICATION_EXTENSION_API_ONLY = YES;
				CODE_SIGN_ENTITLEMENTS = DeviceActivityMonitorExtension/DeviceActivityMonitorExtension.entitlements;
				CODE_SIGN_STYLE = Automatic;
				CURRENT_PROJECT_VERSION = 5;
				DEVELOPMENT_TEAM = RF8739P5MC;
				GENERATE_INFOPLIST_FILE = NO;
				INFOPLIST_FILE = DeviceActivityMonitorExtension/Info.plist;
				IPHONEOS_DEPLOYMENT_TARGET = 17.0;
				MARKETING_VERSION = 1.0;
				PRODUCT_BUNDLE_IDENTIFIER = com.samchou.checkpoint.DeviceActivityMonitorExtension;
				PRODUCT_NAME = "$(TARGET_NAME)";
				SDKROOT = iphoneos;
				SKIP_INSTALL = YES;
				SUPPORTED_PLATFORMS = "iphoneos iphonesimulator";
				SWIFT_VERSION = 6.0;
				TARGETED_DEVICE_FAMILY = 1;
				VALIDATE_PRODUCT = YES;
			};
			name = Release;
		};
/* End XCBuildConfiguration section */

/* Begin XCConfigurationList section */
		A90000000000000000000001 /* Build configuration list for PBXProject "Checkpoint" */ = {
			isa = XCConfigurationList;
			buildConfigurations = (
				A80000000000000000000001 /* Debug */,
				A80000000000000000000002 /* Release */,
			);
			defaultConfigurationIsVisible = 0;
			defaultConfigurationName = Release;
		};
		A90000000000000000000002 /* Build configuration list for PBXNativeTarget "Checkpoint" */ = {
			isa = XCConfigurationList;
			buildConfigurations = (
				A80000000000000000000003 /* Debug */,
				A80000000000000000000004 /* Release */,
			);
			defaultConfigurationIsVisible = 0;
			defaultConfigurationName = Release;
		};
		B90000000000000000000001 /* Build configuration list for PBXNativeTarget "ShieldConfigurationExtension" */ = {
			isa = XCConfigurationList;
			buildConfigurations = (
				B80000000000000000000001 /* Debug */,
				B80000000000000000000002 /* Release */,
			);
			defaultConfigurationIsVisible = 0;
			defaultConfigurationName = Release;
		};
		B90000000000000000000002 /* Build configuration list for PBXNativeTarget "ShieldActionExtension" */ = {
			isa = XCConfigurationList;
			buildConfigurations = (
				B80000000000000000000003 /* Debug */,
				B80000000000000000000004 /* Release */,
			);
			defaultConfigurationIsVisible = 0;
			defaultConfigurationName = Release;
		};
		C90000000000000000000001 /* Build configuration list for PBXNativeTarget "CheckpointTests" */ = {
			isa = XCConfigurationList;
			buildConfigurations = (
				C80000000000000000000001 /* Debug */,
				C80000000000000000000002 /* Release */,
			);
			defaultConfigurationIsVisible = 0;
			defaultConfigurationName = Release;
		};
		E90000000000000000000001 /* Build configuration list for PBXNativeTarget "DeviceActivityMonitorExtension" */ = {
			isa = XCConfigurationList;
			buildConfigurations = (
				E80000000000000000000001 /* Debug */,
				E80000000000000000000002 /* Release */,
			);
			defaultConfigurationIsVisible = 0;
			defaultConfigurationName = Release;
		};
/* End XCConfigurationList section */
	};
	rootObject = A60000000000000000000001 /* Project object */;
}
